
Microsoft Visual Studio Solution File, Format Version 12.00
# Visual Studio 15
VisualStudioVersion = 15.0.27130.2010
MinimumVisualStudioVersion = 10.0.40219.1
Project("{FAE04EC0-301F-11D3-BF4B-00C04F79EFBC}") = "teste", "teste\teste.csproj", "{84173048-D72C-4143-9699-08FFD28347F1}"
EndProject
Global
	GlobalSection(SolutionConfigurationPlatforms) = preSolution
		Debug|Any CPU = Debug|Any CPU
		Release|Any CPU = Release|Any CPU
	EndGlobalSection
	GlobalSection(ProjectConfigurationPlatforms) = postSolution
		{84173048-D72C-4143-9699-08FFD28347F1}.Debug|Any CPU.ActiveCfg = Debug|Any CPU
		{84173048-D72C-4143-9699-08FFD28347F1}.Debug|Any CPU.Build.0 = Debug|Any CPU
		{84173048-D72C-4143-9699-08FFD28347F1}.Release|Any CPU.ActiveCfg = Release|Any CPU
		{84173048-D72C-4143-9699-08FFD28347F1}.Release|Any CPU.Build.0 = Release|Any CPU
	EndGlobalSection
	GlobalSection(SolutionProperties) = preSolution
		HideSolutionNode = FALSE
	EndGlobalSection
	GlobalSection(ExtensibilityGlobals) = postSolution
		SolutionGuid = {A0F4AB73-5B71-401B-ACCB-E3ACE4D7A595}
	EndGlobalSection
EndGlobal
