
Microsoft Visual Studio Solution File, Format Version 12.00
# Visual Studio 15
VisualStudioVersion = 15.0.27130.2010
MinimumVisualStudioVersion = 10.0.40219.1
Project("{FAE04EC0-301F-11D3-BF4B-00C04F79EFBC}") = "CursoD5", "CursoD5\CursoD5.csproj", "{3E2AB91B-36A1-4638-81C4-23A6DEA895AD}"
EndProject
Global
	GlobalSection(SolutionConfigurationPlatforms) = preSolution
		Debug|Any CPU = Debug|Any CPU
		Release|Any CPU = Release|Any CPU
	EndGlobalSection
	GlobalSection(ProjectConfigurationPlatforms) = postSolution
		{3E2AB91B-36A1-4638-81C4-23A6DEA895AD}.Debug|Any CPU.ActiveCfg = Debug|Any CPU
		{3E2AB91B-36A1-4638-81C4-23A6DEA895AD}.Debug|Any CPU.Build.0 = Debug|Any CPU
		{3E2AB91B-36A1-4638-81C4-23A6DEA895AD}.Release|Any CPU.ActiveCfg = Release|Any CPU
		{3E2AB91B-36A1-4638-81C4-23A6DEA895AD}.Release|Any CPU.Build.0 = Release|Any CPU
	EndGlobalSection
	GlobalSection(SolutionProperties) = preSolution
		HideSolutionNode = FALSE
	EndGlobalSection
	GlobalSection(ExtensibilityGlobals) = postSolution
		SolutionGuid = {8D7FAC88-BA53-4700-8370-47006B0A36B6}
	EndGlobalSection
EndGlobal
