
Microsoft Visual Studio Solution File, Format Version 12.00
# Visual Studio 15
VisualStudioVersion = 15.0.27130.2010
MinimumVisualStudioVersion = 10.0.40219.1
Project("{FAE04EC0-301F-11D3-BF4B-00C04F79EFBC}") = "CursoD2", "CursoD2\CursoD2.csproj", "{8BB8CF3D-AFA6-4386-A747-5AA14DDB5C23}"
EndProject
Global
	GlobalSection(SolutionConfigurationPlatforms) = preSolution
		Debug|Any CPU = Debug|Any CPU
		Release|Any CPU = Release|Any CPU
	EndGlobalSection
	GlobalSection(ProjectConfigurationPlatforms) = postSolution
		{8BB8CF3D-AFA6-4386-A747-5AA14DDB5C23}.Debug|Any CPU.ActiveCfg = Debug|Any CPU
		{8BB8CF3D-AFA6-4386-A747-5AA14DDB5C23}.Debug|Any CPU.Build.0 = Debug|Any CPU
		{8BB8CF3D-AFA6-4386-A747-5AA14DDB5C23}.Release|Any CPU.ActiveCfg = Release|Any CPU
		{8BB8CF3D-AFA6-4386-A747-5AA14DDB5C23}.Release|Any CPU.Build.0 = Release|Any CPU
	EndGlobalSection
	GlobalSection(SolutionProperties) = preSolution
		HideSolutionNode = FALSE
	EndGlobalSection
	GlobalSection(ExtensibilityGlobals) = postSolution
		SolutionGuid = {E103C073-5D9D-4AEF-AE77-AA8BDC56B347}
	EndGlobalSection
EndGlobal
